
Microsoft Visual Studio Solution File, Format Version 12.00
# Visual Studio Version 17
VisualStudioVersion = 17.3.32929.385
MinimumVisualStudioVersion = 10.0.40219.1
Project("{FAE04EC0-301F-11D3-BF4B-00C04F79EFBC}") = "Фасхиева_ПР6", "Фасхиева_ПР6\Фасхиева_ПР6.csproj", "{CA28DEEE-D519-40F7-82FA-10A703BCB3F8}"
EndProject
Global
	GlobalSection(SolutionConfigurationPlatforms) = preSolution
		Debug|Any CPU = Debug|Any CPU
		Release|Any CPU = Release|Any CPU
	EndGlobalSection
	GlobalSection(ProjectConfigurationPlatforms) = postSolution
		{CA28DEEE-D519-40F7-82FA-10A703BCB3F8}.Debug|Any CPU.ActiveCfg = Debug|Any CPU
		{CA28DEEE-D519-40F7-82FA-10A703BCB3F8}.Debug|Any CPU.Build.0 = Debug|Any CPU
		{CA28DEEE-D519-40F7-82FA-10A703BCB3F8}.Release|Any CPU.ActiveCfg = Release|Any CPU
		{CA28DEEE-D519-40F7-82FA-10A703BCB3F8}.Release|Any CPU.Build.0 = Release|Any CPU
	EndGlobalSection
	GlobalSection(SolutionProperties) = preSolution
		HideSolutionNode = FALSE
	EndGlobalSection
	GlobalSection(ExtensibilityGlobals) = postSolution
		SolutionGuid = {4886D99E-D334-4F18-8459-4646186BBD05}
	EndGlobalSection
EndGlobal
